
Microsoft Visual Studio Solution File, Format Version 12.00
# Visual Studio Version 17
VisualStudioVersion = 17.3.32825.248
MinimumVisualStudioVersion = 10.0.40219.1
Project("{8BC9CEB8-8B4A-11D0-8D11-00A0C91BC942}") = "自己练手的代码工程", "自己练手的代码工程\自己练手的代码工程.vcxproj", "{CB65DAF9-8A51-41CA-9E17-AB05DFC6840F}"
EndProject
Global
	GlobalSection(SolutionConfigurationPlatforms) = preSolution
		Debug|x64 = Debug|x64
		Debug|x86 = Debug|x86
		Release|x64 = Release|x64
		Release|x86 = Release|x86
	EndGlobalSection
	GlobalSection(ProjectConfigurationPlatforms) = postSolution
		{CB65DAF9-8A51-41CA-9E17-AB05DFC6840F}.Debug|x64.ActiveCfg = Debug|x64
		{CB65DAF9-8A51-41CA-9E17-AB05DFC6840F}.Debug|x64.Build.0 = Debug|x64
		{CB65DAF9-8A51-41CA-9E17-AB05DFC6840F}.Debug|x86.ActiveCfg = Debug|Win32
		{CB65DAF9-8A51-41CA-9E17-AB05DFC6840F}.Debug|x86.Build.0 = Debug|Win32
		{CB65DAF9-8A51-41CA-9E17-AB05DFC6840F}.Release|x64.ActiveCfg = Release|x64
		{CB65DAF9-8A51-41CA-9E17-AB05DFC6840F}.Release|x64.Build.0 = Release|x64
		{CB65DAF9-8A51-41CA-9E17-AB05DFC6840F}.Release|x86.ActiveCfg = Release|Win32
		{CB65DAF9-8A51-41CA-9E17-AB05DFC6840F}.Release|x86.Build.0 = Release|Win32
	EndGlobalSection
	GlobalSection(SolutionProperties) = preSolution
		HideSolutionNode = FALSE
	EndGlobalSection
	GlobalSection(ExtensibilityGlobals) = postSolution
		SolutionGuid = {57BFBB5E-7D76-4995-B2C3-58CDF6F16C9E}
	EndGlobalSection
EndGlobal
